
Microsoft Visual Studio Solution File, Format Version 12.00
# Visual Studio 2013
VisualStudioVersion = 12.0.30501.0
MinimumVisualStudioVersion = 10.0.40219.1
Project("{FAE04EC0-301F-11D3-BF4B-00C04F79EFBC}") = "ExamStudents", "ExamStudents\ExamStudents.csproj", "{B1A22D65-61C4-4B38-870B-2DB82609A919}"
EndProject
Global
	GlobalSection(SolutionConfigurationPlatforms) = preSolution
		Debug|Any CPU = Debug|Any CPU
		Release|Any CPU = Release|Any CPU
	EndGlobalSection
	GlobalSection(ProjectConfigurationPlatforms) = postSolution
		{B1A22D65-61C4-4B38-870B-2DB82609A919}.Debug|Any CPU.ActiveCfg = Debug|Any CPU
		{B1A22D65-61C4-4B38-870B-2DB82609A919}.Debug|Any CPU.Build.0 = Debug|Any CPU
		{B1A22D65-61C4-4B38-870B-2DB82609A919}.Release|Any CPU.ActiveCfg = Release|Any CPU
		{B1A22D65-61C4-4B38-870B-2DB82609A919}.Release|Any CPU.Build.0 = Release|Any CPU
	EndGlobalSection
	GlobalSection(SolutionProperties) = preSolution
		HideSolutionNode = FALSE
	EndGlobalSection
EndGlobal
